
Microsoft Visual Studio Solution File, Format Version 12.00
# Visual Studio 15
VisualStudioVersion = 15.0.26430.4
MinimumVisualStudioVersion = 10.0.40219.1
Project("{9A19103F-16F7-4668-BE54-9A1E7A4F7556}") = "Telemetry", "Telemetry\Telemetry.csproj", "{43635423-C56A-48FE-A2FF-7857F3625A69}"
EndProject
Project("{9A19103F-16F7-4668-BE54-9A1E7A4F7556}") = "IocContainer", "IocContainer\IocContainer.csproj", "{8AE70CE7-65E1-4117-BADE-A02E6023C1A1}"
EndProject
Project("{FAE04EC0-301F-11D3-BF4B-00C04F79EFBC}") = "XrmWorkflow", "XrmWorkflow\XrmWorkflow.csproj", "{70C017EE-01DA-48BF-B29F-26134E2D4E79}"
EndProject
Project("{FAE04EC0-301F-11D3-BF4B-00C04F79EFBC}") = "XrmUtilities", "XrmUtilities\XrmUtilities.csproj", "{4A6E4C38-94DA-4461-8B92-7FA35284DA81}"
EndProject
Project("{FAE04EC0-301F-11D3-BF4B-00C04F79EFBC}") = "XrmPluginTestHarness", "XrmPluginTestHarness\XrmPluginTestHarness.csproj", "{95F6FEAE-DF6F-440C-82FA-86DBA36444D6}"
EndProject
Project("{2150E333-8FDC-42A3-9474-1A3956D46DE8}") = "ReadMe", "ReadMe", "{DC2EF5C1-C784-41CC-93C8-8B53352923E0}"
	ProjectSection(SolutionItems) = preProject
		README.md = README.md
	EndProjectSection
EndProject
Project("{2150E333-8FDC-42A3-9474-1A3956D46DE8}") = "Samples", "Samples", "{74E70360-C50E-4997-B328-7D919C6BD07A}"
EndProject
Project("{FAE04EC0-301F-11D3-BF4B-00C04F79EFBC}") = "TelemetrySamples", "TelemetrySamples\TelemetrySamples.csproj", "{67945807-09B4-4678-8B60-9678E221DB8C}"
EndProject
Project("{9A19103F-16F7-4668-BE54-9A1E7A4F7556}") = "XrmAppInsightsConnector", "XrmAppInsightsConnector\XrmAppInsightsConnector.csproj", "{399E0B3F-C15D-4495-BC3F-9F4A18EFB3A4}"
EndProject
Project("{FAE04EC0-301F-11D3-BF4B-00C04F79EFBC}") = "TelemetryConsoleApp", "TelemetryConsoleApp\TelemetryConsoleApp.csproj", "{BA55B5AD-167E-4ECC-A0DD-6F0F61E4B134}"
EndProject
Project("{2150E333-8FDC-42A3-9474-1A3956D46DE8}") = "Tests", "Tests", "{3E5457FD-83E0-44F8-B37E-6D20E2701172}"
EndProject
Project("{FAE04EC0-301F-11D3-BF4B-00C04F79EFBC}") = "IoCContainerTests", "IoCContainerTests\IoCContainerTests.csproj", "{72EB2B90-5563-4983-900A-D473B33DFAC3}"
EndProject
Project("{FAE04EC0-301F-11D3-BF4B-00C04F79EFBC}") = "TelemetryTests", "TelemetryTests\TelemetryTests.csproj", "{4EE52CF6-632B-47D1-81EA-4966C19C4FA1}"
EndProject
Project("{FAE04EC0-301F-11D3-BF4B-00C04F79EFBC}") = "XrmAppInsightsConnectorTests", "XrmAppInsightsConnectorTests\XrmAppInsightsConnectorTests.csproj", "{4EB48596-2156-4344-8B50-A19DED8E4198}"
EndProject
Project("{FAE04EC0-301F-11D3-BF4B-00C04F79EFBC}") = "XrmSdkTests", "XrmSdkTests\XrmSdkTests.csproj", "{6DEEC884-FB35-4138-8B17-7454DE138948}"
EndProject
Project("{9A19103F-16F7-4668-BE54-9A1E7A4F7556}") = "XrmSdk", "XrmSdk\XrmSdk.csproj", "{359C8C95-0FB1-4F18-8B49-A4A287D80DF4}"
EndProject
Global
	GlobalSection(SolutionConfigurationPlatforms) = preSolution
		Debug|Any CPU = Debug|Any CPU
		Debug-4.6.2|Any CPU = Debug-4.6.2|Any CPU
		Release|Any CPU = Release|Any CPU
		Release-4.6.2|Any CPU = Release-4.6.2|Any CPU
	EndGlobalSection
	GlobalSection(ProjectConfigurationPlatforms) = postSolution
		{43635423-C56A-48FE-A2FF-7857F3625A69}.Debug|Any CPU.ActiveCfg = Debug|Any CPU
		{43635423-C56A-48FE-A2FF-7857F3625A69}.Debug|Any CPU.Build.0 = Debug|Any CPU
		{43635423-C56A-48FE-A2FF-7857F3625A69}.Debug-4.6.2|Any CPU.ActiveCfg = Debug|Any CPU
		{43635423-C56A-48FE-A2FF-7857F3625A69}.Debug-4.6.2|Any CPU.Build.0 = Debug|Any CPU
		{43635423-C56A-48FE-A2FF-7857F3625A69}.Release|Any CPU.ActiveCfg = Release|Any CPU
		{43635423-C56A-48FE-A2FF-7857F3625A69}.Release|Any CPU.Build.0 = Release|Any CPU
		{43635423-C56A-48FE-A2FF-7857F3625A69}.Release-4.6.2|Any CPU.ActiveCfg = Release|Any CPU
		{43635423-C56A-48FE-A2FF-7857F3625A69}.Release-4.6.2|Any CPU.Build.0 = Release|Any CPU
		{8AE70CE7-65E1-4117-BADE-A02E6023C1A1}.Debug|Any CPU.ActiveCfg = Debug|Any CPU
		{8AE70CE7-65E1-4117-BADE-A02E6023C1A1}.Debug|Any CPU.Build.0 = Debug|Any CPU
		{8AE70CE7-65E1-4117-BADE-A02E6023C1A1}.Debug-4.6.2|Any CPU.ActiveCfg = Debug|Any CPU
		{8AE70CE7-65E1-4117-BADE-A02E6023C1A1}.Debug-4.6.2|Any CPU.Build.0 = Debug|Any CPU
		{8AE70CE7-65E1-4117-BADE-A02E6023C1A1}.Release|Any CPU.ActiveCfg = Release|Any CPU
		{8AE70CE7-65E1-4117-BADE-A02E6023C1A1}.Release|Any CPU.Build.0 = Release|Any CPU
		{8AE70CE7-65E1-4117-BADE-A02E6023C1A1}.Release-4.6.2|Any CPU.ActiveCfg = Release|Any CPU
		{8AE70CE7-65E1-4117-BADE-A02E6023C1A1}.Release-4.6.2|Any CPU.Build.0 = Release|Any CPU
		{70C017EE-01DA-48BF-B29F-26134E2D4E79}.Debug|Any CPU.ActiveCfg = Debug|Any CPU
		{70C017EE-01DA-48BF-B29F-26134E2D4E79}.Debug|Any CPU.Build.0 = Debug|Any CPU
		{70C017EE-01DA-48BF-B29F-26134E2D4E79}.Debug-4.6.2|Any CPU.ActiveCfg = Debug-4.6.2|Any CPU
		{70C017EE-01DA-48BF-B29F-26134E2D4E79}.Debug-4.6.2|Any CPU.Build.0 = Debug-4.6.2|Any CPU
		{70C017EE-01DA-48BF-B29F-26134E2D4E79}.Release|Any CPU.ActiveCfg = Release|Any CPU
		{70C017EE-01DA-48BF-B29F-26134E2D4E79}.Release|Any CPU.Build.0 = Release|Any CPU
		{70C017EE-01DA-48BF-B29F-26134E2D4E79}.Release-4.6.2|Any CPU.ActiveCfg = Release-4.6.2|Any CPU
		{70C017EE-01DA-48BF-B29F-26134E2D4E79}.Release-4.6.2|Any CPU.Build.0 = Release-4.6.2|Any CPU
		{4A6E4C38-94DA-4461-8B92-7FA35284DA81}.Debug|Any CPU.ActiveCfg = Debug|Any CPU
		{4A6E4C38-94DA-4461-8B92-7FA35284DA81}.Debug|Any CPU.Build.0 = Debug|Any CPU
		{4A6E4C38-94DA-4461-8B92-7FA35284DA81}.Debug-4.6.2|Any CPU.ActiveCfg = Debug-4.6.2|Any CPU
		{4A6E4C38-94DA-4461-8B92-7FA35284DA81}.Debug-4.6.2|Any CPU.Build.0 = Debug-4.6.2|Any CPU
		{4A6E4C38-94DA-4461-8B92-7FA35284DA81}.Release|Any CPU.ActiveCfg = Release|Any CPU
		{4A6E4C38-94DA-4461-8B92-7FA35284DA81}.Release|Any CPU.Build.0 = Release|Any CPU
		{4A6E4C38-94DA-4461-8B92-7FA35284DA81}.Release-4.6.2|Any CPU.ActiveCfg = Release-4.6.2|Any CPU
		{4A6E4C38-94DA-4461-8B92-7FA35284DA81}.Release-4.6.2|Any CPU.Build.0 = Release-4.6.2|Any CPU
		{95F6FEAE-DF6F-440C-82FA-86DBA36444D6}.Debug|Any CPU.ActiveCfg = Debug|Any CPU
		{95F6FEAE-DF6F-440C-82FA-86DBA36444D6}.Debug|Any CPU.Build.0 = Debug|Any CPU
		{95F6FEAE-DF6F-440C-82FA-86DBA36444D6}.Debug-4.6.2|Any CPU.ActiveCfg = Debug-4.6.2|Any CPU
		{95F6FEAE-DF6F-440C-82FA-86DBA36444D6}.Debug-4.6.2|Any CPU.Build.0 = Debug-4.6.2|Any CPU
		{95F6FEAE-DF6F-440C-82FA-86DBA36444D6}.Release|Any CPU.ActiveCfg = Release|Any CPU
		{95F6FEAE-DF6F-440C-82FA-86DBA36444D6}.Release|Any CPU.Build.0 = Release|Any CPU
		{95F6FEAE-DF6F-440C-82FA-86DBA36444D6}.Release-4.6.2|Any CPU.ActiveCfg = Release-4.6.2|Any CPU
		{95F6FEAE-DF6F-440C-82FA-86DBA36444D6}.Release-4.6.2|Any CPU.Build.0 = Release-4.6.2|Any CPU
		{67945807-09B4-4678-8B60-9678E221DB8C}.Debug|Any CPU.ActiveCfg = Debug|Any CPU
		{67945807-09B4-4678-8B60-9678E221DB8C}.Debug|Any CPU.Build.0 = Debug|Any CPU
		{67945807-09B4-4678-8B60-9678E221DB8C}.Debug-4.6.2|Any CPU.ActiveCfg = Debug|Any CPU
		{67945807-09B4-4678-8B60-9678E221DB8C}.Debug-4.6.2|Any CPU.Build.0 = Debug|Any CPU
		{67945807-09B4-4678-8B60-9678E221DB8C}.Release|Any CPU.ActiveCfg = Release|Any CPU
		{67945807-09B4-4678-8B60-9678E221DB8C}.Release|Any CPU.Build.0 = Release|Any CPU
		{67945807-09B4-4678-8B60-9678E221DB8C}.Release-4.6.2|Any CPU.ActiveCfg = Release|Any CPU
		{67945807-09B4-4678-8B60-9678E221DB8C}.Release-4.6.2|Any CPU.Build.0 = Release|Any CPU
		{399E0B3F-C15D-4495-BC3F-9F4A18EFB3A4}.Debug|Any CPU.ActiveCfg = Debug|Any CPU
		{399E0B3F-C15D-4495-BC3F-9F4A18EFB3A4}.Debug|Any CPU.Build.0 = Debug|Any CPU
		{399E0B3F-C15D-4495-BC3F-9F4A18EFB3A4}.Debug-4.6.2|Any CPU.ActiveCfg = Debug|Any CPU
		{399E0B3F-C15D-4495-BC3F-9F4A18EFB3A4}.Debug-4.6.2|Any CPU.Build.0 = Debug|Any CPU
		{399E0B3F-C15D-4495-BC3F-9F4A18EFB3A4}.Release|Any CPU.ActiveCfg = Release|Any CPU
		{399E0B3F-C15D-4495-BC3F-9F4A18EFB3A4}.Release|Any CPU.Build.0 = Release|Any CPU
		{399E0B3F-C15D-4495-BC3F-9F4A18EFB3A4}.Release-4.6.2|Any CPU.ActiveCfg = Release|Any CPU
		{399E0B3F-C15D-4495-BC3F-9F4A18EFB3A4}.Release-4.6.2|Any CPU.Build.0 = Release|Any CPU
		{BA55B5AD-167E-4ECC-A0DD-6F0F61E4B134}.Debug|Any CPU.ActiveCfg = Debug|Any CPU
		{BA55B5AD-167E-4ECC-A0DD-6F0F61E4B134}.Debug|Any CPU.Build.0 = Debug|Any CPU
		{BA55B5AD-167E-4ECC-A0DD-6F0F61E4B134}.Debug-4.6.2|Any CPU.ActiveCfg = Debug|Any CPU
		{BA55B5AD-167E-4ECC-A0DD-6F0F61E4B134}.Debug-4.6.2|Any CPU.Build.0 = Debug|Any CPU
		{BA55B5AD-167E-4ECC-A0DD-6F0F61E4B134}.Release|Any CPU.ActiveCfg = Release|Any CPU
		{BA55B5AD-167E-4ECC-A0DD-6F0F61E4B134}.Release|Any CPU.Build.0 = Release|Any CPU
		{BA55B5AD-167E-4ECC-A0DD-6F0F61E4B134}.Release-4.6.2|Any CPU.ActiveCfg = Release|Any CPU
		{BA55B5AD-167E-4ECC-A0DD-6F0F61E4B134}.Release-4.6.2|Any CPU.Build.0 = Release|Any CPU
		{72EB2B90-5563-4983-900A-D473B33DFAC3}.Debug|Any CPU.ActiveCfg = Debug|Any CPU
		{72EB2B90-5563-4983-900A-D473B33DFAC3}.Debug|Any CPU.Build.0 = Debug|Any CPU
		{72EB2B90-5563-4983-900A-D473B33DFAC3}.Debug-4.6.2|Any CPU.ActiveCfg = Debug-4.6.2|Any CPU
		{72EB2B90-5563-4983-900A-D473B33DFAC3}.Debug-4.6.2|Any CPU.Build.0 = Debug-4.6.2|Any CPU
		{72EB2B90-5563-4983-900A-D473B33DFAC3}.Release|Any CPU.ActiveCfg = Release|Any CPU
		{72EB2B90-5563-4983-900A-D473B33DFAC3}.Release|Any CPU.Build.0 = Release|Any CPU
		{72EB2B90-5563-4983-900A-D473B33DFAC3}.Release-4.6.2|Any CPU.ActiveCfg = Release-4.6.2|Any CPU
		{72EB2B90-5563-4983-900A-D473B33DFAC3}.Release-4.6.2|Any CPU.Build.0 = Release-4.6.2|Any CPU
		{4EE52CF6-632B-47D1-81EA-4966C19C4FA1}.Debug|Any CPU.ActiveCfg = Debug|Any CPU
		{4EE52CF6-632B-47D1-81EA-4966C19C4FA1}.Debug|Any CPU.Build.0 = Debug|Any CPU
		{4EE52CF6-632B-47D1-81EA-4966C19C4FA1}.Debug-4.6.2|Any CPU.ActiveCfg = Debug-4.6.2|Any CPU
		{4EE52CF6-632B-47D1-81EA-4966C19C4FA1}.Debug-4.6.2|Any CPU.Build.0 = Debug-4.6.2|Any CPU
		{4EE52CF6-632B-47D1-81EA-4966C19C4FA1}.Release|Any CPU.ActiveCfg = Release|Any CPU
		{4EE52CF6-632B-47D1-81EA-4966C19C4FA1}.Release|Any CPU.Build.0 = Release|Any CPU
		{4EE52CF6-632B-47D1-81EA-4966C19C4FA1}.Release-4.6.2|Any CPU.ActiveCfg = Release-4.6.2|Any CPU
		{4EE52CF6-632B-47D1-81EA-4966C19C4FA1}.Release-4.6.2|Any CPU.Build.0 = Release-4.6.2|Any CPU
		{4EB48596-2156-4344-8B50-A19DED8E4198}.Debug|Any CPU.ActiveCfg = Debug|Any CPU
		{4EB48596-2156-4344-8B50-A19DED8E4198}.Debug|Any CPU.Build.0 = Debug|Any CPU
		{4EB48596-2156-4344-8B50-A19DED8E4198}.Debug-4.6.2|Any CPU.ActiveCfg = Debug|Any CPU
		{4EB48596-2156-4344-8B50-A19DED8E4198}.Debug-4.6.2|Any CPU.Build.0 = Debug|Any CPU
		{4EB48596-2156-4344-8B50-A19DED8E4198}.Release|Any CPU.ActiveCfg = Release|Any CPU
		{4EB48596-2156-4344-8B50-A19DED8E4198}.Release|Any CPU.Build.0 = Release|Any CPU
		{4EB48596-2156-4344-8B50-A19DED8E4198}.Release-4.6.2|Any CPU.ActiveCfg = Release|Any CPU
		{4EB48596-2156-4344-8B50-A19DED8E4198}.Release-4.6.2|Any CPU.Build.0 = Release|Any CPU
		{6DEEC884-FB35-4138-8B17-7454DE138948}.Debug|Any CPU.ActiveCfg = Debug|Any CPU
		{6DEEC884-FB35-4138-8B17-7454DE138948}.Debug|Any CPU.Build.0 = Debug|Any CPU
		{6DEEC884-FB35-4138-8B17-7454DE138948}.Debug-4.6.2|Any CPU.ActiveCfg = Debug-4.6.2|Any CPU
		{6DEEC884-FB35-4138-8B17-7454DE138948}.Debug-4.6.2|Any CPU.Build.0 = Debug-4.6.2|Any CPU
		{6DEEC884-FB35-4138-8B17-7454DE138948}.Release|Any CPU.ActiveCfg = Release|Any CPU
		{6DEEC884-FB35-4138-8B17-7454DE138948}.Release|Any CPU.Build.0 = Release|Any CPU
		{6DEEC884-FB35-4138-8B17-7454DE138948}.Release-4.6.2|Any CPU.ActiveCfg = Release-4.6.2|Any CPU
		{6DEEC884-FB35-4138-8B17-7454DE138948}.Release-4.6.2|Any CPU.Build.0 = Release-4.6.2|Any CPU
		{359C8C95-0FB1-4F18-8B49-A4A287D80DF4}.Debug|Any CPU.ActiveCfg = Debug|Any CPU
		{359C8C95-0FB1-4F18-8B49-A4A287D80DF4}.Debug|Any CPU.Build.0 = Debug|Any CPU
		{359C8C95-0FB1-4F18-8B49-A4A287D80DF4}.Debug-4.6.2|Any CPU.ActiveCfg = Debug|Any CPU
		{359C8C95-0FB1-4F18-8B49-A4A287D80DF4}.Debug-4.6.2|Any CPU.Build.0 = Debug|Any CPU
		{359C8C95-0FB1-4F18-8B49-A4A287D80DF4}.Release|Any CPU.ActiveCfg = Release|Any CPU
		{359C8C95-0FB1-4F18-8B49-A4A287D80DF4}.Release|Any CPU.Build.0 = Release|Any CPU
		{359C8C95-0FB1-4F18-8B49-A4A287D80DF4}.Release-4.6.2|Any CPU.ActiveCfg = Release|Any CPU
		{359C8C95-0FB1-4F18-8B49-A4A287D80DF4}.Release-4.6.2|Any CPU.Build.0 = Release|Any CPU
	EndGlobalSection
	GlobalSection(SolutionProperties) = preSolution
		HideSolutionNode = FALSE
	EndGlobalSection
	GlobalSection(NestedProjects) = preSolution
		{67945807-09B4-4678-8B60-9678E221DB8C} = {74E70360-C50E-4997-B328-7D919C6BD07A}
		{BA55B5AD-167E-4ECC-A0DD-6F0F61E4B134} = {74E70360-C50E-4997-B328-7D919C6BD07A}
		{72EB2B90-5563-4983-900A-D473B33DFAC3} = {3E5457FD-83E0-44F8-B37E-6D20E2701172}
		{4EE52CF6-632B-47D1-81EA-4966C19C4FA1} = {3E5457FD-83E0-44F8-B37E-6D20E2701172}
		{4EB48596-2156-4344-8B50-A19DED8E4198} = {3E5457FD-83E0-44F8-B37E-6D20E2701172}
		{6DEEC884-FB35-4138-8B17-7454DE138948} = {3E5457FD-83E0-44F8-B37E-6D20E2701172}
	EndGlobalSection
	GlobalSection(ExtensibilityGlobals) = postSolution
		SolutionGuid = {366A9950-9525-4052-B423-790518D945FB}
	EndGlobalSection
EndGlobal
