
Microsoft Visual Studio Solution File, Format Version 12.00
# Visual Studio 15
VisualStudioVersion = 15.0.26430.4
MinimumVisualStudioVersion = 10.0.40219.1
Project("{FAE04EC0-301F-11D3-BF4B-00C04F79EFBC}") = "XrmBase", "XrmPluginExtensions\XrmBase.csproj", "{359C8C95-0FB1-4F18-8B49-A4A287D80DF4}"
EndProject
Project("{FAE04EC0-301F-11D3-BF4B-00C04F79EFBC}") = "XrmUtilities", "XrmPluginExtensionUtilities\XrmUtilities.csproj", "{4A6E4C38-94DA-4461-8B92-7FA35284DA81}"
EndProject
Project("{FAE04EC0-301F-11D3-BF4B-00C04F79EFBC}") = "TestHarness", "TestHarness\TestHarness.csproj", "{6BD83BFD-164F-4A16-B65A-680564373411}"
EndProject
Project("{FAE04EC0-301F-11D3-BF4B-00C04F79EFBC}") = "Tests", "Tests\Tests.csproj", "{F225433F-04DB-436C-AFEA-E9AAC7F5A407}"
EndProject
Global
	GlobalSection(SolutionConfigurationPlatforms) = preSolution
		Debug|Any CPU = Debug|Any CPU
		Release|Any CPU = Release|Any CPU
	EndGlobalSection
	GlobalSection(ProjectConfigurationPlatforms) = postSolution
		{359C8C95-0FB1-4F18-8B49-A4A287D80DF4}.Debug|Any CPU.ActiveCfg = Debug|Any CPU
		{359C8C95-0FB1-4F18-8B49-A4A287D80DF4}.Debug|Any CPU.Build.0 = Debug|Any CPU
		{359C8C95-0FB1-4F18-8B49-A4A287D80DF4}.Release|Any CPU.ActiveCfg = Release|Any CPU
		{359C8C95-0FB1-4F18-8B49-A4A287D80DF4}.Release|Any CPU.Build.0 = Release|Any CPU
		{4A6E4C38-94DA-4461-8B92-7FA35284DA81}.Debug|Any CPU.ActiveCfg = Debug|Any CPU
		{4A6E4C38-94DA-4461-8B92-7FA35284DA81}.Debug|Any CPU.Build.0 = Debug|Any CPU
		{4A6E4C38-94DA-4461-8B92-7FA35284DA81}.Release|Any CPU.ActiveCfg = Release|Any CPU
		{4A6E4C38-94DA-4461-8B92-7FA35284DA81}.Release|Any CPU.Build.0 = Release|Any CPU
		{6BD83BFD-164F-4A16-B65A-680564373411}.Debug|Any CPU.ActiveCfg = Debug|Any CPU
		{6BD83BFD-164F-4A16-B65A-680564373411}.Debug|Any CPU.Build.0 = Debug|Any CPU
		{6BD83BFD-164F-4A16-B65A-680564373411}.Release|Any CPU.ActiveCfg = Release|Any CPU
		{6BD83BFD-164F-4A16-B65A-680564373411}.Release|Any CPU.Build.0 = Release|Any CPU
		{F225433F-04DB-436C-AFEA-E9AAC7F5A407}.Debug|Any CPU.ActiveCfg = Debug|Any CPU
		{F225433F-04DB-436C-AFEA-E9AAC7F5A407}.Debug|Any CPU.Build.0 = Debug|Any CPU
		{F225433F-04DB-436C-AFEA-E9AAC7F5A407}.Release|Any CPU.ActiveCfg = Release|Any CPU
		{F225433F-04DB-436C-AFEA-E9AAC7F5A407}.Release|Any CPU.Build.0 = Release|Any CPU
	EndGlobalSection
	GlobalSection(SolutionProperties) = preSolution
		HideSolutionNode = FALSE
	EndGlobalSection
	GlobalSection(ExtensibilityGlobals) = postSolution
		SolutionGuid = {366A9950-9525-4052-B423-790518D945FB}
	EndGlobalSection
EndGlobal
